
Microsoft Visual Studio Solution File, Format Version 12.00
# Visual Studio Version 17
VisualStudioVersion = 17.10.34928.147
MinimumVisualStudioVersion = 10.0.40219.1
Project("{FAE04EC0-301F-11D3-BF4B-00C04F79EFBC}") = "Simple Product Management System", "Simple Product Management System.csproj", "{918B0298-7687-4960-AB04-0D604EF7D482}"
EndProject
Global
	GlobalSection(SolutionConfigurationPlatforms) = preSolution
		Debug|Any CPU = Debug|Any CPU
		Release|Any CPU = Release|Any CPU
	EndGlobalSection
	GlobalSection(ProjectConfigurationPlatforms) = postSolution
		{918B0298-7687-4960-AB04-0D604EF7D482}.Debug|Any CPU.ActiveCfg = Debug|Any CPU
		{918B0298-7687-4960-AB04-0D604EF7D482}.Debug|Any CPU.Build.0 = Debug|Any CPU
		{918B0298-7687-4960-AB04-0D604EF7D482}.Release|Any CPU.ActiveCfg = Release|Any CPU
		{918B0298-7687-4960-AB04-0D604EF7D482}.Release|Any CPU.Build.0 = Release|Any CPU
	EndGlobalSection
	GlobalSection(SolutionProperties) = preSolution
		HideSolutionNode = FALSE
	EndGlobalSection
	GlobalSection(ExtensibilityGlobals) = postSolution
		SolutionGuid = {E1FBB8C5-FEA5-4AE0-BF7E-D055F1DD8A56}
	EndGlobalSection
EndGlobal
